// !$*UTF8*$!
{
	archiveVersion = 1;
	classes = {
	};
	objectVersion = 56;
	objects = {

/* Begin PBXBuildFile section */
		6F83B01C2D1E87D0009B1F56 /* AppDelegate.swift in Sources */ = {isa = PBXBuildFile; fileRef = 6F83B01B2D1E87D0009B1F56 /* AppDelegate.swift */; };
		6F83B01E2D1E87D0009B1F56 /* SceneDelegate.swift in Sources */ = {isa = PBXBuildFile; fileRef = 6F83B01D2D1E87D0009B1F56 /* SceneDelegate.swift */; };
		6F83B0202D1E87D0009B1F56 /* PaywallViewController.swift in Sources */ = {isa = PBXBuildFile; fileRef = 6F83B01F2D1E87D0009B1F56 /* PaywallViewController.swift */; };
		6F83B0252D1E87D2009B1F56 /* Assets.xcassets in Resources */ = {isa = PBXBuildFile; fileRef = 6F83B0242D1E87D2009B1F56 /* Assets.xcassets */; };
		6F83B0282D1E87D2009B1F56 /* Base in Resources */ = {isa = PBXBuildFile; fileRef = 6F83B0272D1E87D2009B1F56 /* Base */; };
		6F83B03A2D1E9071009B1F56 /* PaywallView.swift in Sources */ = {isa = PBXBuildFile; fileRef = 6F83B0392D1E9071009B1F56 /* PaywallView.swift */; };
		6F83B03E2D1E9526009B1F56 /* PaywallPresenter.swift in Sources */ = {isa = PBXBuildFile; fileRef = 6F83B03D2D1E9526009B1F56 /* PaywallPresenter.swift */; };
		6F83B0462D1EA2E4009B1F56 /* Paywall.swift in Sources */ = {isa = PBXBuildFile; fileRef = 6F83B0452D1EA2E4009B1F56 /* Paywall.swift */; };
		6F83B0482D1EAD1B009B1F56 /* PaywallProviderProtocol.swift in Sources */ = {isa = PBXBuildFile; fileRef = 6F83B0472D1EAD1B009B1F56 /* PaywallProviderProtocol.swift */; };
		6F83B04A2D1EAD5F009B1F56 /* PaywallStorageProtocol.swift in Sources */ = {isa = PBXBuildFile; fileRef = 6F83B0492D1EAD5F009B1F56 /* PaywallStorageProtocol.swift */; };
		6F83B04E2D1EAF82009B1F56 /* PaywallStorage.swift in Sources */ = {isa = PBXBuildFile; fileRef = 6F83B04D2D1EAF82009B1F56 /* PaywallStorage.swift */; };
		6F83B0502D1EB2DE009B1F56 /* PaywallProviderImpl.swift in Sources */ = {isa = PBXBuildFile; fileRef = 6F83B04F2D1EB2DE009B1F56 /* PaywallProviderImpl.swift */; };
		6F83B0522D1EB3FF009B1F56 /* PaywallModuleFactory.swift in Sources */ = {isa = PBXBuildFile; fileRef = 6F83B0512D1EB3FF009B1F56 /* PaywallModuleFactory.swift */; };
		6F83B0542D1EB435009B1F56 /* PaywallDependency.swift in Sources */ = {isa = PBXBuildFile; fileRef = 6F83B0532D1EB435009B1F56 /* PaywallDependency.swift */; };
		6F83B0562D1EB4D4009B1F56 /* PaywallPresenterImpl.swift in Sources */ = {isa = PBXBuildFile; fileRef = 6F83B0552D1EB4D4009B1F56 /* PaywallPresenterImpl.swift */; };
		6F83B05E2D1EE206009B1F56 /* NSObject+Extension.swift in Sources */ = {isa = PBXBuildFile; fileRef = 6F83B05D2D1EE206009B1F56 /* NSObject+Extension.swift */; };
		6F83B0602D1EE466009B1F56 /* CardCollectionCell.swift in Sources */ = {isa = PBXBuildFile; fileRef = 6F83B05F2D1EE466009B1F56 /* CardCollectionCell.swift */; };
		6F83B0682D1F27FE009B1F56 /* SnapKit in Frameworks */ = {isa = PBXBuildFile; productRef = 6F83B0672D1F27FE009B1F56 /* SnapKit */; };
		6F83B0712D1F2A19009B1F56 /* AppCoordinator.swift in Sources */ = {isa = PBXBuildFile; fileRef = 6F83B0702D1F2A19009B1F56 /* AppCoordinator.swift */; };
		6FE46FE52D2090E000621807 /* PaywallCardModel.swift in Sources */ = {isa = PBXBuildFile; fileRef = 6FE46FE42D2090E000621807 /* PaywallCardModel.swift */; };
/* End PBXBuildFile section */

/* Begin PBXFileReference section */
		6F83B01B2D1E87D0009B1F56 /* AppDelegate.swift */ = {isa = PBXFileReference; lastKnownFileType = sourcecode.swift; path = AppDelegate.swift; sourceTree = "<group>"; };
		6F83B01D2D1E87D0009B1F56 /* SceneDelegate.swift */ = {isa = PBXFileReference; lastKnownFileType = sourcecode.swift; path = SceneDelegate.swift; sourceTree = "<group>"; };
		6F83B01F2D1E87D0009B1F56 /* PaywallViewController.swift */ = {isa = PBXFileReference; lastKnownFileType = sourcecode.swift; path = PaywallViewController.swift; sourceTree = "<group>"; };
		6F83B0242D1E87D2009B1F56 /* Assets.xcassets */ = {isa = PBXFileReference; lastKnownFileType = folder.assetcatalog; path = Assets.xcassets; sourceTree = "<group>"; };
		6F83B0272D1E87D2009B1F56 /* Base */ = {isa = PBXFileReference; lastKnownFileType = file.storyboard; name = Base; path = Base.lproj/LaunchScreen.storyboard; sourceTree = "<group>"; };
		6F83B0292D1E87D2009B1F56 /* Info.plist */ = {isa = PBXFileReference; lastKnownFileType = text.plist.xml; path = Info.plist; sourceTree = "<group>"; };
		6F83B0392D1E9071009B1F56 /* PaywallView.swift */ = {isa = PBXFileReference; lastKnownFileType = sourcecode.swift; path = PaywallView.swift; sourceTree = "<group>"; };
		6F83B03D2D1E9526009B1F56 /* PaywallPresenter.swift */ = {isa = PBXFileReference; lastKnownFileType = sourcecode.swift; path = PaywallPresenter.swift; sourceTree = "<group>"; };
		6F83B0452D1EA2E4009B1F56 /* Paywall.swift */ = {isa = PBXFileReference; lastKnownFileType = sourcecode.swift; path = Paywall.swift; sourceTree = "<group>"; };
		6F83B0472D1EAD1B009B1F56 /* PaywallProviderProtocol.swift */ = {isa = PBXFileReference; lastKnownFileType = sourcecode.swift; path = PaywallProviderProtocol.swift; sourceTree = "<group>"; };
		6F83B0492D1EAD5F009B1F56 /* PaywallStorageProtocol.swift */ = {isa = PBXFileReference; lastKnownFileType = sourcecode.swift; path = PaywallStorageProtocol.swift; sourceTree = "<group>"; };
		6F83B04D2D1EAF82009B1F56 /* PaywallStorage.swift */ = {isa = PBXFileReference; lastKnownFileType = sourcecode.swift; path = PaywallStorage.swift; sourceTree = "<group>"; };
		6F83B04F2D1EB2DE009B1F56 /* PaywallProviderImpl.swift */ = {isa = PBXFileReference; lastKnownFileType = sourcecode.swift; path = PaywallProviderImpl.swift; sourceTree = "<group>"; };
		6F83B0512D1EB3FF009B1F56 /* PaywallModuleFactory.swift */ = {isa = PBXFileReference; lastKnownFileType = sourcecode.swift; path = PaywallModuleFactory.swift; sourceTree = "<group>"; };
		6F83B0532D1EB435009B1F56 /* PaywallDependency.swift */ = {isa = PBXFileReference; lastKnownFileType = sourcecode.swift; path = PaywallDependency.swift; sourceTree = "<group>"; };
		6F83B0552D1EB4D4009B1F56 /* PaywallPresenterImpl.swift */ = {isa = PBXFileReference; lastKnownFileType = sourcecode.swift; path = PaywallPresenterImpl.swift; sourceTree = "<group>"; };
		6F83B05D2D1EE206009B1F56 /* NSObject+Extension.swift */ = {isa = PBXFileReference; lastKnownFileType = sourcecode.swift; path = "NSObject+Extension.swift"; sourceTree = "<group>"; };
		6F83B05F2D1EE466009B1F56 /* CardCollectionCell.swift */ = {isa = PBXFileReference; lastKnownFileType = sourcecode.swift; path = CardCollectionCell.swift; sourceTree = "<group>"; };
		6F83B0702D1F2A19009B1F56 /* AppCoordinator.swift */ = {isa = PBXFileReference; lastKnownFileType = sourcecode.swift; path = AppCoordinator.swift; sourceTree = "<group>"; };
		6FE46FE22D20905200621807 /* Subscription_MVP_C_Configuration.app */ = {isa = PBXFileReference; explicitFileType = wrapper.application; includeInIndex = 0; path = Subscription_MVP_C_Configuration.app; sourceTree = BUILT_PRODUCTS_DIR; };
		6FE46FE42D2090E000621807 /* PaywallCardModel.swift */ = {isa = PBXFileReference; lastKnownFileType = sourcecode.swift; path = PaywallCardModel.swift; sourceTree = "<group>"; };
/* End PBXFileReference section */

/* Begin PBXFrameworksBuildPhase section */
		6F83B0152D1E87D0009B1F56 /* Frameworks */ = {
			isa = PBXFrameworksBuildPhase;
			buildActionMask = 2147483647;
			files = (
				6F83B0682D1F27FE009B1F56 /* SnapKit in Frameworks */,
			);
			runOnlyForDeploymentPostprocessing = 0;
		};
/* End PBXFrameworksBuildPhase section */

/* Begin PBXGroup section */
		6F83B00F2D1E87D0009B1F56 = {
			isa = PBXGroup;
			children = (
				6F83B01A2D1E87D0009B1F56 /* Subscription_MVP_C_Configuration */,
				6FE46FE22D20905200621807 /* Subscription_MVP_C_Configuration.app */,
			);
			sourceTree = "<group>";
		};
		6F83B01A2D1E87D0009B1F56 /* Subscription_MVP_C_Configuration */ = {
			isa = PBXGroup;
			children = (
				6F83B02F2D1E89A7009B1F56 /* Application */,
				6F83B0322D1E8DB2009B1F56 /* MVP_C_Paywall */,
				6F83B0402D1E9CBD009B1F56 /* MVP_C_Domain */,
				6F83B03F2D1E9CA6009B1F56 /* MVP_C_Configuration */,
			);
			path = Subscription_MVP_C_Configuration;
			sourceTree = "<group>";
		};
		6F83B02F2D1E89A7009B1F56 /* Application */ = {
			isa = PBXGroup;
			children = (
				6F83B0312D1E8A6F009B1F56 /* Coordinators */,
				6F83B0302D1E8A4E009B1F56 /* Resources */,
				6F83B01B2D1E87D0009B1F56 /* AppDelegate.swift */,
				6F83B01D2D1E87D0009B1F56 /* SceneDelegate.swift */,
			);
			path = Application;
			sourceTree = "<group>";
		};
		6F83B0302D1E8A4E009B1F56 /* Resources */ = {
			isa = PBXGroup;
			children = (
				6F83B0242D1E87D2009B1F56 /* Assets.xcassets */,
				6F83B0262D1E87D2009B1F56 /* LaunchScreen.storyboard */,
				6F83B0292D1E87D2009B1F56 /* Info.plist */,
			);
			path = Resources;
			sourceTree = "<group>";
		};
		6F83B0312D1E8A6F009B1F56 /* Coordinators */ = {
			isa = PBXGroup;
			children = (
				6F83B0702D1F2A19009B1F56 /* AppCoordinator.swift */,
			);
			path = Coordinators;
			sourceTree = "<group>";
		};
		6F83B0322D1E8DB2009B1F56 /* MVP_C_Paywall */ = {
			isa = PBXGroup;
			children = (
				6F83B05C2D1EE1EC009B1F56 /* Extensions */,
				6F83B0342D1E8DCE009B1F56 /* Dependency */,
				6F83B0332D1E8DC3009B1F56 /* Factory */,
				6F83B0362D1E8E94009B1F56 /* Model */,
				6F83B0382D1E8E9E009B1F56 /* View */,
				6F83B0372D1E8E98009B1F56 /* Presenter */,
			);
			path = MVP_C_Paywall;
			sourceTree = "<group>";
		};
		6F83B0332D1E8DC3009B1F56 /* Factory */ = {
			isa = PBXGroup;
			children = (
				6F83B0512D1EB3FF009B1F56 /* PaywallModuleFactory.swift */,
			);
			path = Factory;
			sourceTree = "<group>";
		};
		6F83B0342D1E8DCE009B1F56 /* Dependency */ = {
			isa = PBXGroup;
			children = (
				6F83B0532D1EB435009B1F56 /* PaywallDependency.swift */,
			);
			path = Dependency;
			sourceTree = "<group>";
		};
		6F83B0362D1E8E94009B1F56 /* Model */ = {
			isa = PBXGroup;
			children = (
				6FE46FE42D2090E000621807 /* PaywallCardModel.swift */,
			);
			path = Model;
			sourceTree = "<group>";
		};
		6F83B0372D1E8E98009B1F56 /* Presenter */ = {
			isa = PBXGroup;
			children = (
				6F83B03D2D1E9526009B1F56 /* PaywallPresenter.swift */,
				6F83B0552D1EB4D4009B1F56 /* PaywallPresenterImpl.swift */,
			);
			path = Presenter;
			sourceTree = "<group>";
		};
		6F83B0382D1E8E9E009B1F56 /* View */ = {
			isa = PBXGroup;
			children = (
				6F83B01F2D1E87D0009B1F56 /* PaywallViewController.swift */,
				6F83B0392D1E9071009B1F56 /* PaywallView.swift */,
				6F83B05F2D1EE466009B1F56 /* CardCollectionCell.swift */,
			);
			path = View;
			sourceTree = "<group>";
		};
		6F83B03F2D1E9CA6009B1F56 /* MVP_C_Configuration */ = {
			isa = PBXGroup;
			children = (
				6F83B04C2D1EAED7009B1F56 /* Paywall */,
			);
			path = MVP_C_Configuration;
			sourceTree = "<group>";
		};
		6F83B0402D1E9CBD009B1F56 /* MVP_C_Domain */ = {
			isa = PBXGroup;
			children = (
				6F83B0412D1E9CEB009B1F56 /* Paywall */,
			);
			path = MVP_C_Domain;
			sourceTree = "<group>";
		};
		6F83B0412D1E9CEB009B1F56 /* Paywall */ = {
			isa = PBXGroup;
			children = (
				6F83B0422D1E9CF9009B1F56 /* Model */,
				6F83B0432D1E9CFD009B1F56 /* Provider */,
				6F83B0442D1E9D08009B1F56 /* Storage */,
			);
			path = Paywall;
			sourceTree = "<group>";
		};
		6F83B0422D1E9CF9009B1F56 /* Model */ = {
			isa = PBXGroup;
			children = (
				6F83B0452D1EA2E4009B1F56 /* Paywall.swift */,
			);
			path = Model;
			sourceTree = "<group>";
		};
		6F83B0432D1E9CFD009B1F56 /* Provider */ = {
			isa = PBXGroup;
			children = (
				6F83B0472D1EAD1B009B1F56 /* PaywallProviderProtocol.swift */,
			);
			path = Provider;
			sourceTree = "<group>";
		};
		6F83B0442D1E9D08009B1F56 /* Storage */ = {
			isa = PBXGroup;
			children = (
				6F83B0492D1EAD5F009B1F56 /* PaywallStorageProtocol.swift */,
			);
			path = Storage;
			sourceTree = "<group>";
		};
		6F83B04C2D1EAED7009B1F56 /* Paywall */ = {
			isa = PBXGroup;
			children = (
				6F83B04D2D1EAF82009B1F56 /* PaywallStorage.swift */,
				6F83B04F2D1EB2DE009B1F56 /* PaywallProviderImpl.swift */,
			);
			path = Paywall;
			sourceTree = "<group>";
		};
		6F83B05C2D1EE1EC009B1F56 /* Extensions */ = {
			isa = PBXGroup;
			children = (
				6F83B05D2D1EE206009B1F56 /* NSObject+Extension.swift */,
			);
			path = Extensions;
			sourceTree = "<group>";
		};
/* End PBXGroup section */

/* Begin PBXNativeTarget section */
		6F83B0172D1E87D0009B1F56 /* Subscription_MVP_C_Configuration */ = {
			isa = PBXNativeTarget;
			buildConfigurationList = 6F83B02C2D1E87D2009B1F56 /* Build configuration list for PBXNativeTarget "Subscription_MVP_C_Configuration" */;
			buildPhases = (
				6F83B0142D1E87D0009B1F56 /* Sources */,
				6F83B0152D1E87D0009B1F56 /* Frameworks */,
				6F83B0162D1E87D0009B1F56 /* Resources */,
			);
			buildRules = (
			);
			dependencies = (
			);
			name = Subscription_MVP_C_Configuration;
			packageProductDependencies = (
				6F83B0672D1F27FE009B1F56 /* SnapKit */,
			);
			productName = Subscription_MVP_C_Configuration;
			productReference = 6FE46FE22D20905200621807 /* Subscription_MVP_C_Configuration.app */;
			productType = "com.apple.product-type.application";
		};
/* End PBXNativeTarget section */

/* Begin PBXProject section */
		6F83B0102D1E87D0009B1F56 /* Project object */ = {
			isa = PBXProject;
			attributes = {
				BuildIndependentTargetsInParallel = 1;
				LastSwiftUpdateCheck = 1530;
				LastUpgradeCheck = 1530;
				TargetAttributes = {
					6F83B0172D1E87D0009B1F56 = {
						CreatedOnToolsVersion = 15.3;
					};
				};
			};
			buildConfigurationList = 6F83B0132D1E87D0009B1F56 /* Build configuration list for PBXProject "Subscription_MVP_C_Configuration" */;
			compatibilityVersion = "Xcode 14.0";
			developmentRegion = en;
			hasScannedForEncodings = 0;
			knownRegions = (
				en,
				Base,
			);
			mainGroup = 6F83B00F2D1E87D0009B1F56;
			packageReferences = (
				6F83B0662D1F27FE009B1F56 /* XCRemoteSwiftPackageReference "SnapKit" */,
			);
			productRefGroup = 6F83B00F2D1E87D0009B1F56;
			projectDirPath = "";
			projectRoot = "";
			targets = (
				6F83B0172D1E87D0009B1F56 /* Subscription_MVP_C_Configuration */,
			);
		};
/* End PBXProject section */

/* Begin PBXResourcesBuildPhase section */
		6F83B0162D1E87D0009B1F56 /* Resources */ = {
			isa = PBXResourcesBuildPhase;
			buildActionMask = 2147483647;
			files = (
				6F83B0252D1E87D2009B1F56 /* Assets.xcassets in Resources */,
				6F83B0282D1E87D2009B1F56 /* Base in Resources */,
			);
			runOnlyForDeploymentPostprocessing = 0;
		};
/* End PBXResourcesBuildPhase section */

/* Begin PBXSourcesBuildPhase section */
		6F83B0142D1E87D0009B1F56 /* Sources */ = {
			isa = PBXSourcesBuildPhase;
			buildActionMask = 2147483647;
			files = (
				6F83B0462D1EA2E4009B1F56 /* Paywall.swift in Sources */,
				6F83B0712D1F2A19009B1F56 /* AppCoordinator.swift in Sources */,
				6F83B0202D1E87D0009B1F56 /* PaywallViewController.swift in Sources */,
				6F83B03A2D1E9071009B1F56 /* PaywallView.swift in Sources */,
				6F83B01C2D1E87D0009B1F56 /* AppDelegate.swift in Sources */,
				6F83B05E2D1EE206009B1F56 /* NSObject+Extension.swift in Sources */,
				6F83B01E2D1E87D0009B1F56 /* SceneDelegate.swift in Sources */,
				6F83B03E2D1E9526009B1F56 /* PaywallPresenter.swift in Sources */,
				6F83B04E2D1EAF82009B1F56 /* PaywallStorage.swift in Sources */,
				6F83B0602D1EE466009B1F56 /* CardCollectionCell.swift in Sources */,
				6F83B04A2D1EAD5F009B1F56 /* PaywallStorageProtocol.swift in Sources */,
				6F83B0522D1EB3FF009B1F56 /* PaywallModuleFactory.swift in Sources */,
				6F83B0502D1EB2DE009B1F56 /* PaywallProviderImpl.swift in Sources */,
				6FE46FE52D2090E000621807 /* PaywallCardModel.swift in Sources */,
				6F83B0562D1EB4D4009B1F56 /* PaywallPresenterImpl.swift in Sources */,
				6F83B0482D1EAD1B009B1F56 /* PaywallProviderProtocol.swift in Sources */,
				6F83B0542D1EB435009B1F56 /* PaywallDependency.swift in Sources */,
			);
			runOnlyForDeploymentPostprocessing = 0;
		};
/* End PBXSourcesBuildPhase section */

/* Begin PBXVariantGroup section */
		6F83B0262D1E87D2009B1F56 /* LaunchScreen.storyboard */ = {
			isa = PBXVariantGroup;
			children = (
				6F83B0272D1E87D2009B1F56 /* Base */,
			);
			name = LaunchScreen.storyboard;
			sourceTree = "<group>";
		};
/* End PBXVariantGroup section */

/* Begin XCBuildConfiguration section */
		6F83B02A2D1E87D2009B1F56 /* Debug */ = {
			isa = XCBuildConfiguration;
			buildSettings = {
				ALWAYS_SEARCH_USER_PATHS = NO;
				ASSETCATALOG_COMPILER_GENERATE_SWIFT_ASSET_SYMBOL_EXTENSIONS = YES;
				CLANG_ANALYZER_NONNULL = YES;
				CLANG_ANALYZER_NUMBER_OBJECT_CONVERSION = YES_AGGRESSIVE;
				CLANG_CXX_LANGUAGE_STANDARD = "gnu++20";
				CLANG_ENABLE_MODULES = YES;
				CLANG_ENABLE_OBJC_ARC = YES;
				CLANG_ENABLE_OBJC_WEAK = YES;
				CLANG_WARN_BLOCK_CAPTURE_AUTORELEASING = YES;
				CLANG_WARN_BOOL_CONVERSION = YES;
				CLANG_WARN_COMMA = YES;
				CLANG_WARN_CONSTANT_CONVERSION = YES;
				CLANG_WARN_DEPRECATED_OBJC_IMPLEMENTATIONS = YES;
				CLANG_WARN_DIRECT_OBJC_ISA_USAGE = YES_ERROR;
				CLANG_WARN_DOCUMENTATION_COMMENTS = YES;
				CLANG_WARN_EMPTY_BODY = YES;
				CLANG_WARN_ENUM_CONVERSION = YES;
				CLANG_WARN_INFINITE_RECURSION = YES;
				CLANG_WARN_INT_CONVERSION = YES;
				CLANG_WARN_NON_LITERAL_NULL_CONVERSION = YES;
				CLANG_WARN_OBJC_IMPLICIT_RETAIN_SELF = YES;
				CLANG_WARN_OBJC_LITERAL_CONVERSION = YES;
				CLANG_WARN_OBJC_ROOT_CLASS = YES_ERROR;
				CLANG_WARN_QUOTED_INCLUDE_IN_FRAMEWORK_HEADER = YES;
				CLANG_WARN_RANGE_LOOP_ANALYSIS = YES;
				CLANG_WARN_STRICT_PROTOTYPES = YES;
				CLANG_WARN_SUSPICIOUS_MOVE = YES;
				CLANG_WARN_UNGUARDED_AVAILABILITY = YES_AGGRESSIVE;
				CLANG_WARN_UNREACHABLE_CODE = YES;
				CLANG_WARN__DUPLICATE_METHOD_MATCH = YES;
				COPY_PHASE_STRIP = NO;
				DEBUG_INFORMATION_FORMAT = dwarf;
				ENABLE_STRICT_OBJC_MSGSEND = YES;
				ENABLE_TESTABILITY = YES;
				ENABLE_USER_SCRIPT_SANDBOXING = YES;
				GCC_C_LANGUAGE_STANDARD = gnu17;
				GCC_DYNAMIC_NO_PIC = NO;
				GCC_NO_COMMON_BLOCKS = YES;
				GCC_OPTIMIZATION_LEVEL = 0;
				GCC_PREPROCESSOR_DEFINITIONS = (
					"DEBUG=1",
					"$(inherited)",
				);
				GCC_WARN_64_TO_32_BIT_CONVERSION = YES;
				GCC_WARN_ABOUT_RETURN_TYPE = YES_ERROR;
				GCC_WARN_UNDECLARED_SELECTOR = YES;
				GCC_WARN_UNINITIALIZED_AUTOS = YES_AGGRESSIVE;
				GCC_WARN_UNUSED_FUNCTION = YES;
				GCC_WARN_UNUSED_VARIABLE = YES;
				INFOPLIST_FILE = /Users/nurik/Desktop/SubscriptionMVP_C_Configuration/Subscription_MVP_C_Configuration/Application/Resources/Info.plist;
				IPHONEOS_DEPLOYMENT_TARGET = 15.0;
				LOCALIZATION_PREFERS_STRING_CATALOGS = YES;
				MTL_ENABLE_DEBUG_INFO = INCLUDE_SOURCE;
				MTL_FAST_MATH = YES;
				ONLY_ACTIVE_ARCH = YES;
				SDKROOT = iphoneos;
				SWIFT_ACTIVE_COMPILATION_CONDITIONS = "DEBUG $(inherited)";
				SWIFT_OPTIMIZATION_LEVEL = "-Onone";
			};
			name = Debug;
		};
		6F83B02B2D1E87D2009B1F56 /* Release */ = {
			isa = XCBuildConfiguration;
			buildSettings = {
				ALWAYS_SEARCH_USER_PATHS = NO;
				ASSETCATALOG_COMPILER_GENERATE_SWIFT_ASSET_SYMBOL_EXTENSIONS = YES;
				CLANG_ANALYZER_NONNULL = YES;
				CLANG_ANALYZER_NUMBER_OBJECT_CONVERSION = YES_AGGRESSIVE;
				CLANG_CXX_LANGUAGE_STANDARD = "gnu++20";
				CLANG_ENABLE_MODULES = YES;
				CLANG_ENABLE_OBJC_ARC = YES;
				CLANG_ENABLE_OBJC_WEAK = YES;
				CLANG_WARN_BLOCK_CAPTURE_AUTORELEASING = YES;
				CLANG_WARN_BOOL_CONVERSION = YES;
				CLANG_WARN_COMMA = YES;
				CLANG_WARN_CONSTANT_CONVERSION = YES;
				CLANG_WARN_DEPRECATED_OBJC_IMPLEMENTATIONS = YES;
				CLANG_WARN_DIRECT_OBJC_ISA_USAGE = YES_ERROR;
				CLANG_WARN_DOCUMENTATION_COMMENTS = YES;
				CLANG_WARN_EMPTY_BODY = YES;
				CLANG_WARN_ENUM_CONVERSION = YES;
				CLANG_WARN_INFINITE_RECURSION = YES;
				CLANG_WARN_INT_CONVERSION = YES;
				CLANG_WARN_NON_LITERAL_NULL_CONVERSION = YES;
				CLANG_WARN_OBJC_IMPLICIT_RETAIN_SELF = YES;
				CLANG_WARN_OBJC_LITERAL_CONVERSION = YES;
				CLANG_WARN_OBJC_ROOT_CLASS = YES_ERROR;
				CLANG_WARN_QUOTED_INCLUDE_IN_FRAMEWORK_HEADER = YES;
				CLANG_WARN_RANGE_LOOP_ANALYSIS = YES;
				CLANG_WARN_STRICT_PROTOTYPES = YES;
				CLANG_WARN_SUSPICIOUS_MOVE = YES;
				CLANG_WARN_UNGUARDED_AVAILABILITY = YES_AGGRESSIVE;
				CLANG_WARN_UNREACHABLE_CODE = YES;
				CLANG_WARN__DUPLICATE_METHOD_MATCH = YES;
				COPY_PHASE_STRIP = NO;
				DEBUG_INFORMATION_FORMAT = "dwarf-with-dsym";
				ENABLE_NS_ASSERTIONS = NO;
				ENABLE_STRICT_OBJC_MSGSEND = YES;
				ENABLE_USER_SCRIPT_SANDBOXING = YES;
				GCC_C_LANGUAGE_STANDARD = gnu17;
				GCC_NO_COMMON_BLOCKS = YES;
				GCC_WARN_64_TO_32_BIT_CONVERSION = YES;
				GCC_WARN_ABOUT_RETURN_TYPE = YES_ERROR;
				GCC_WARN_UNDECLARED_SELECTOR = YES;
				GCC_WARN_UNINITIALIZED_AUTOS = YES_AGGRESSIVE;
				GCC_WARN_UNUSED_FUNCTION = YES;
				GCC_WARN_UNUSED_VARIABLE = YES;
				INFOPLIST_FILE = /Users/nurik/Desktop/SubscriptionMVP_C_Configuration/Subscription_MVP_C_Configuration/Application/Resources/Info.plist;
				IPHONEOS_DEPLOYMENT_TARGET = 15.0;
				LOCALIZATION_PREFERS_STRING_CATALOGS = YES;
				MTL_ENABLE_DEBUG_INFO = NO;
				MTL_FAST_MATH = YES;
				SDKROOT = iphoneos;
				SWIFT_COMPILATION_MODE = wholemodule;
				VALIDATE_PRODUCT = YES;
			};
			name = Release;
		};
		6F83B02D2D1E87D2009B1F56 /* Debug */ = {
			isa = XCBuildConfiguration;
			buildSettings = {
				ASSETCATALOG_COMPILER_APPICON_NAME = AppIcon;
				ASSETCATALOG_COMPILER_GLOBAL_ACCENT_COLOR_NAME = AccentColor;
				CODE_SIGN_STYLE = Automatic;
				CURRENT_PROJECT_VERSION = 1;
				DEVELOPMENT_TEAM = FDQK3FFVD6;
				GENERATE_INFOPLIST_FILE = YES;
				INFOPLIST_FILE = /Users/nurik/Desktop/SubscriptionMVP_C_Configuration/Subscription_MVP_C_Configuration/Application/Resources/Info.plist;
				INFOPLIST_KEY_UIApplicationSupportsIndirectInputEvents = YES;
				INFOPLIST_KEY_UILaunchStoryboardName = LaunchScreen;
				INFOPLIST_KEY_UISupportedInterfaceOrientations = UIInterfaceOrientationPortrait;
				INFOPLIST_KEY_UISupportedInterfaceOrientations_iPad = "UIInterfaceOrientationLandscapeLeft UIInterfaceOrientationLandscapeRight UIInterfaceOrientationPortrait UIInterfaceOrientationPortraitUpsideDown";
				IPHONEOS_DEPLOYMENT_TARGET = 15.0;
				LD_RUNPATH_SEARCH_PATHS = (
					"$(inherited)",
					"@executable_path/Frameworks",
				);
				MARKETING_VERSION = 1.0;
				PRODUCT_BUNDLE_IDENTIFIER = "nuriks.Subscription-MVP-C-Configuration";
				PRODUCT_NAME = "$(TARGET_NAME)";
				SUPPORTED_PLATFORMS = "iphoneos iphonesimulator";
				SUPPORTS_MACCATALYST = NO;
				SUPPORTS_MAC_DESIGNED_FOR_IPHONE_IPAD = NO;
				SUPPORTS_XR_DESIGNED_FOR_IPHONE_IPAD = NO;
				SWIFT_EMIT_LOC_STRINGS = YES;
				SWIFT_VERSION = 5.0;
				TARGETED_DEVICE_FAMILY = 1;
			};
			name = Debug;
		};
		6F83B02E2D1E87D2009B1F56 /* Release */ = {
			isa = XCBuildConfiguration;
			buildSettings = {
				ASSETCATALOG_COMPILER_APPICON_NAME = AppIcon;
				ASSETCATALOG_COMPILER_GLOBAL_ACCENT_COLOR_NAME = AccentColor;
				CODE_SIGN_STYLE = Automatic;
				CURRENT_PROJECT_VERSION = 1;
				DEVELOPMENT_TEAM = FDQK3FFVD6;
				GENERATE_INFOPLIST_FILE = YES;
				INFOPLIST_FILE = /Users/nurik/Desktop/SubscriptionMVP_C_Configuration/Subscription_MVP_C_Configuration/Application/Resources/Info.plist;
				INFOPLIST_KEY_UIApplicationSupportsIndirectInputEvents = YES;
				INFOPLIST_KEY_UILaunchStoryboardName = LaunchScreen;
				INFOPLIST_KEY_UISupportedInterfaceOrientations = UIInterfaceOrientationPortrait;
				INFOPLIST_KEY_UISupportedInterfaceOrientations_iPad = "UIInterfaceOrientationLandscapeLeft UIInterfaceOrientationLandscapeRight UIInterfaceOrientationPortrait UIInterfaceOrientationPortraitUpsideDown";
				IPHONEOS_DEPLOYMENT_TARGET = 15.0;
				LD_RUNPATH_SEARCH_PATHS = (
					"$(inherited)",
					"@executable_path/Frameworks",
				);
				MARKETING_VERSION = 1.0;
				PRODUCT_BUNDLE_IDENTIFIER = "nuriks.Subscription-MVP-C-Configuration";
				PRODUCT_NAME = "$(TARGET_NAME)";
				SUPPORTED_PLATFORMS = "iphoneos iphonesimulator";
				SUPPORTS_MACCATALYST = NO;
				SUPPORTS_MAC_DESIGNED_FOR_IPHONE_IPAD = NO;
				SUPPORTS_XR_DESIGNED_FOR_IPHONE_IPAD = NO;
				SWIFT_EMIT_LOC_STRINGS = YES;
				SWIFT_VERSION = 5.0;
				TARGETED_DEVICE_FAMILY = 1;
			};
			name = Release;
		};
/* End XCBuildConfiguration section */

/* Begin XCConfigurationList section */
		6F83B0132D1E87D0009B1F56 /* Build configuration list for PBXProject "Subscription_MVP_C_Configuration" */ = {
			isa = XCConfigurationList;
			buildConfigurations = (
				6F83B02A2D1E87D2009B1F56 /* Debug */,
				6F83B02B2D1E87D2009B1F56 /* Release */,
			);
			defaultConfigurationIsVisible = 0;
			defaultConfigurationName = Release;
		};
		6F83B02C2D1E87D2009B1F56 /* Build configuration list for PBXNativeTarget "Subscription_MVP_C_Configuration" */ = {
			isa = XCConfigurationList;
			buildConfigurations = (
				6F83B02D2D1E87D2009B1F56 /* Debug */,
				6F83B02E2D1E87D2009B1F56 /* Release */,
			);
			defaultConfigurationIsVisible = 0;
			defaultConfigurationName = Release;
		};
/* End XCConfigurationList section */

/* Begin XCRemoteSwiftPackageReference section */
		6F83B0662D1F27FE009B1F56 /* XCRemoteSwiftPackageReference "SnapKit" */ = {
			isa = XCRemoteSwiftPackageReference;
			repositoryURL = "https://github.com/SnapKit/SnapKit.git";
			requirement = {
				kind = upToNextMajorVersion;
				minimumVersion = 5.7.1;
			};
		};
/* End XCRemoteSwiftPackageReference section */

/* Begin XCSwiftPackageProductDependency section */
		6F83B0672D1F27FE009B1F56 /* SnapKit */ = {
			isa = XCSwiftPackageProductDependency;
			package = 6F83B0662D1F27FE009B1F56 /* XCRemoteSwiftPackageReference "SnapKit" */;
			productName = SnapKit;
		};
/* End XCSwiftPackageProductDependency section */
	};
	rootObject = 6F83B0102D1E87D0009B1F56 /* Project object */;
}
